// !$*UTF8*$!
{
	archiveVersion = 1;
	classes = {
	};
	objectVersion = 55;
	objects = {

/* Begin PBXBuildFile section */
		0A17FEAD287B03780061B3FA /* loginPageApp.swift in Sources */ = {isa = PBXBuildFile; fileRef = 0A17FEAC287B03780061B3FA /* loginPageApp.swift */; };
		0A17FEAF287B03780061B3FA /* ContentView.swift in Sources */ = {isa = PBXBuildFile; fileRef = 0A17FEAE287B03780061B3FA /* ContentView.swift */; };
		0A17FEB1287B03790061B3FA /* Assets.xcassets in Resources */ = {isa = PBXBuildFile; fileRef = 0A17FEB0287B03790061B3FA /* Assets.xcassets */; };
		0A17FEB4287B03790061B3FA /* Preview Assets.xcassets in Resources */ = {isa = PBXBuildFile; fileRef = 0A17FEB3287B03790061B3FA /* Preview Assets.xcassets */; };
		0A17FEBB287B1F6D0061B3FA /* WelcomeScreen.swift in Sources */ = {isa = PBXBuildFile; fileRef = 0A17FEBA287B1F6D0061B3FA /* WelcomeScreen.swift */; };
		0A17FEBD287B2A380061B3FA /* LoginPage.swift in Sources */ = {isa = PBXBuildFile; fileRef = 0A17FEBC287B2A380061B3FA /* LoginPage.swift */; };
		0AE43210287B69F400892418 /* DiscoverPage.swift in Sources */ = {isa = PBXBuildFile; fileRef = 0AE4320F287B69F400892418 /* DiscoverPage.swift */; };
/* End PBXBuildFile section */

/* Begin PBXFileReference section */
		0A17FEA9287B03780061B3FA /* loginPage.app */ = {isa = PBXFileReference; explicitFileType = wrapper.application; includeInIndex = 0; path = loginPage.app; sourceTree = BUILT_PRODUCTS_DIR; };
		0A17FEAC287B03780061B3FA /* loginPageApp.swift */ = {isa = PBXFileReference; lastKnownFileType = sourcecode.swift; path = loginPageApp.swift; sourceTree = "<group>"; };
		0A17FEAE287B03780061B3FA /* ContentView.swift */ = {isa = PBXFileReference; lastKnownFileType = sourcecode.swift; path = ContentView.swift; sourceTree = "<group>"; };
		0A17FEB0287B03790061B3FA /* Assets.xcassets */ = {isa = PBXFileReference; lastKnownFileType = folder.assetcatalog; path = Assets.xcassets; sourceTree = "<group>"; };
		0A17FEB3287B03790061B3FA /* Preview Assets.xcassets */ = {isa = PBXFileReference; lastKnownFileType = folder.assetcatalog; path = "Preview Assets.xcassets"; sourceTree = "<group>"; };
		0A17FEBA287B1F6D0061B3FA /* WelcomeScreen.swift */ = {isa = PBXFileReference; lastKnownFileType = sourcecode.swift; path = WelcomeScreen.swift; sourceTree = "<group>"; };
		0A17FEBC287B2A380061B3FA /* LoginPage.swift */ = {isa = PBXFileReference; lastKnownFileType = sourcecode.swift; path = LoginPage.swift; sourceTree = "<group>"; };
		0AE4320F287B69F400892418 /* DiscoverPage.swift */ = {isa = PBXFileReference; lastKnownFileType = sourcecode.swift; path = DiscoverPage.swift; sourceTree = "<group>"; };
/* End PBXFileReference section */

/* Begin PBXFrameworksBuildPhase section */
		0A17FEA6287B03780061B3FA /* Frameworks */ = {
			isa = PBXFrameworksBuildPhase;
			buildActionMask = 2147483647;
			files = (
			);
			runOnlyForDeploymentPostprocessing = 0;
		};
/* End PBXFrameworksBuildPhase section */

/* Begin PBXGroup section */
		0A17FEA0287B03780061B3FA = {
			isa = PBXGroup;
			children = (
				0A17FEAB287B03780061B3FA /* loginPage */,
				0A17FEAA287B03780061B3FA /* Products */,
			);
			sourceTree = "<group>";
		};
		0A17FEAA287B03780061B3FA /* Products */ = {
			isa = PBXGroup;
			children = (
				0A17FEA9287B03780061B3FA /* loginPage.app */,
			);
			name = Products;
			sourceTree = "<group>";
		};
		0A17FEAB287B03780061B3FA /* loginPage */ = {
			isa = PBXGroup;
			children = (
				0A17FEAC287B03780061B3FA /* loginPageApp.swift */,
				0A17FEAE287B03780061B3FA /* ContentView.swift */,
				0A17FEB0287B03790061B3FA /* Assets.xcassets */,
				0A17FEB2287B03790061B3FA /* Preview Content */,
				0A17FEBA287B1F6D0061B3FA /* WelcomeScreen.swift */,
				0A17FEBC287B2A380061B3FA /* LoginPage.swift */,
				0AE4320F287B69F400892418 /* DiscoverPage.swift */,
			);
			path = loginPage;
			sourceTree = "<group>";
		};
		0A17FEB2287B03790061B3FA /* Preview Content */ = {
			isa = PBXGroup;
			children = (
				0A17FEB3287B03790061B3FA /* Preview Assets.xcassets */,
			);
			path = "Preview Content";
			sourceTree = "<group>";
		};
/* End PBXGroup section */

/* Begin PBXNativeTarget section */
		0A17FEA8287B03780061B3FA /* loginPage */ = {
			isa = PBXNativeTarget;
			buildConfigurationList = 0A17FEB7287B03790061B3FA /* Build configuration list for PBXNativeTarget "loginPage" */;
			buildPhases = (
				0A17FEA5287B03780061B3FA /* Sources */,
				0A17FEA6287B03780061B3FA /* Frameworks */,
				0A17FEA7287B03780061B3FA /* Resources */,
			);
			buildRules = (
			);
			dependencies = (
			);
			name = loginPage;
			productName = loginPage;
			productReference = 0A17FEA9287B03780061B3FA /* loginPage.app */;
			productType = "com.apple.product-type.application";
		};
/* End PBXNativeTarget section */

/* Begin PBXProject section */
		0A17FEA1287B03780061B3FA /* Project object */ = {
			isa = PBXProject;
			attributes = {
				BuildIndependentTargetsInParallel = 1;
				LastSwiftUpdateCheck = 1340;
				LastUpgradeCheck = 1340;
				TargetAttributes = {
					0A17FEA8287B03780061B3FA = {
						CreatedOnToolsVersion = 13.4.1;
					};
				};
			};
			buildConfigurationList = 0A17FEA4287B03780061B3FA /* Build configuration list for PBXProject "loginPage" */;
			compatibilityVersion = "Xcode 13.0";
			developmentRegion = en;
			hasScannedForEncodings = 0;
			knownRegions = (
				en,
				Base,
			);
			mainGroup = 0A17FEA0287B03780061B3FA;
			productRefGroup = 0A17FEAA287B03780061B3FA /* Products */;
			projectDirPath = "";
			projectRoot = "";
			targets = (
				0A17FEA8287B03780061B3FA /* loginPage */,
			);
		};
/* End PBXProject section */

/* Begin PBXResourcesBuildPhase section */
		0A17FEA7287B03780061B3FA /* Resources */ = {
			isa = PBXResourcesBuildPhase;
			buildActionMask = 2147483647;
			files = (
				0A17FEB4287B03790061B3FA /* Preview Assets.xcassets in Resources */,
				0A17FEB1287B03790061B3FA /* Assets.xcassets in Resources */,
			);
			runOnlyForDeploymentPostprocessing = 0;
		};
/* End PBXResourcesBuildPhase section */

/* Begin PBXSourcesBuildPhase section */
		0A17FEA5287B03780061B3FA /* Sources */ = {
			isa = PBXSourcesBuildPhase;
			buildActionMask = 2147483647;
			files = (
				0A17FEBD287B2A380061B3FA /* LoginPage.swift in Sources */,
				0AE43210287B69F400892418 /* DiscoverPage.swift in Sources */,
				0A17FEBB287B1F6D0061B3FA /* WelcomeScreen.swift in Sources */,
				0A17FEAF287B03780061B3FA /* ContentView.swift in Sources */,
				0A17FEAD287B03780061B3FA /* loginPageApp.swift in Sources */,
			);
			runOnlyForDeploymentPostprocessing = 0;
		};
/* End PBXSourcesBuildPhase section */

/* Begin XCBuildConfiguration section */
		0A17FEB5287B03790061B3FA /* Debug */ = {
			isa = XCBuildConfiguration;
			buildSettings = {
				ALWAYS_SEARCH_USER_PATHS = NO;
				CLANG_ANALYZER_NONNULL = YES;
				CLANG_ANALYZER_NUMBER_OBJECT_CONVERSION = YES_AGGRESSIVE;
				CLANG_CXX_LANGUAGE_STANDARD = "gnu++17";
				CLANG_ENABLE_MODULES = YES;
				CLANG_ENABLE_OBJC_ARC = YES;
				CLANG_ENABLE_OBJC_WEAK = YES;
				CLANG_WARN_BLOCK_CAPTURE_AUTORELEASING = YES;
				CLANG_WARN_BOOL_CONVERSION = YES;
				CLANG_WARN_COMMA = YES;
				CLANG_WARN_CONSTANT_CONVERSION = YES;
				CLANG_WARN_DEPRECATED_OBJC_IMPLEMENTATIONS = YES;
				CLANG_WARN_DIRECT_OBJC_ISA_USAGE = YES_ERROR;
				CLANG_WARN_DOCUMENTATION_COMMENTS = YES;
				CLANG_WARN_EMPTY_BODY = YES;
				CLANG_WARN_ENUM_CONVERSION = YES;
				CLANG_WARN_INFINITE_RECURSION = YES;
				CLANG_WARN_INT_CONVERSION = YES;
				CLANG_WARN_NON_LITERAL_NULL_CONVERSION = YES;
				CLANG_WARN_OBJC_IMPLICIT_RETAIN_SELF = YES;
				CLANG_WARN_OBJC_LITERAL_CONVERSION = YES;
				CLANG_WARN_OBJC_ROOT_CLASS = YES_ERROR;
				CLANG_WARN_QUOTED_INCLUDE_IN_FRAMEWORK_HEADER = YES;
				CLANG_WARN_RANGE_LOOP_ANALYSIS = YES;
				CLANG_WARN_STRICT_PROTOTYPES = YES;
				CLANG_WARN_SUSPICIOUS_MOVE = YES;
				CLANG_WARN_UNGUARDED_AVAILABILITY = YES_AGGRESSIVE;
				CLANG_WARN_UNREACHABLE_CODE = YES;
				CLANG_WARN__DUPLICATE_METHOD_MATCH = YES;
				COPY_PHASE_STRIP = NO;
				DEBUG_INFORMATION_FORMAT = dwarf;
				ENABLE_STRICT_OBJC_MSGSEND = YES;
				ENABLE_TESTABILITY = YES;
				GCC_C_LANGUAGE_STANDARD = gnu11;
				GCC_DYNAMIC_NO_PIC = NO;
				GCC_NO_COMMON_BLOCKS = YES;
				GCC_OPTIMIZATION_LEVEL = 0;
				GCC_PREPROCESSOR_DEFINITIONS = (
					"DEBUG=1",
					"$(inherited)",
				);
				GCC_WARN_64_TO_32_BIT_CONVERSION = YES;
				GCC_WARN_ABOUT_RETURN_TYPE = YES_ERROR;
				GCC_WARN_UNDECLARED_SELECTOR = YES;
				GCC_WARN_UNINITIALIZED_AUTOS = YES_AGGRESSIVE;
				GCC_WARN_UNUSED_FUNCTION = YES;
				GCC_WARN_UNUSED_VARIABLE = YES;
				IPHONEOS_DEPLOYMENT_TARGET = 15.5;
				MTL_ENABLE_DEBUG_INFO = INCLUDE_SOURCE;
				MTL_FAST_MATH = YES;
				ONLY_ACTIVE_ARCH = YES;
				SDKROOT = iphoneos;
				SWIFT_ACTIVE_COMPILATION_CONDITIONS = DEBUG;
				SWIFT_OPTIMIZATION_LEVEL = "-Onone";
			};
			name = Debug;
		};
		0A17FEB6287B03790061B3FA /* Release */ = {
			isa = XCBuildConfiguration;
			buildSettings = {
				ALWAYS_SEARCH_USER_PATHS = NO;
				CLANG_ANALYZER_NONNULL = YES;
				CLANG_ANALYZER_NUMBER_OBJECT_CONVERSION = YES_AGGRESSIVE;
				CLANG_CXX_LANGUAGE_STANDARD = "gnu++17";
				CLANG_ENABLE_MODULES = YES;
				CLANG_ENABLE_OBJC_ARC = YES;
				CLANG_ENABLE_OBJC_WEAK = YES;
				CLANG_WARN_BLOCK_CAPTURE_AUTORELEASING = YES;
				CLANG_WARN_BOOL_CONVERSION = YES;
				CLANG_WARN_COMMA = YES;
				CLANG_WARN_CONSTANT_CONVERSION = YES;
				CLANG_WARN_DEPRECATED_OBJC_IMPLEMENTATIONS = YES;
				CLANG_WARN_DIRECT_OBJC_ISA_USAGE = YES_ERROR;
				CLANG_WARN_DOCUMENTATION_COMMENTS = YES;
				CLANG_WARN_EMPTY_BODY = YES;
				CLANG_WARN_ENUM_CONVERSION = YES;
				CLANG_WARN_INFINITE_RECURSION = YES;
				CLANG_WARN_INT_CONVERSION = YES;
				CLANG_WARN_NON_LITERAL_NULL_CONVERSION = YES;
				CLANG_WARN_OBJC_IMPLICIT_RETAIN_SELF = YES;
				CLANG_WARN_OBJC_LITERAL_CONVERSION = YES;
				CLANG_WARN_OBJC_ROOT_CLASS = YES_ERROR;
				CLANG_WARN_QUOTED_INCLUDE_IN_FRAMEWORK_HEADER = YES;
				CLANG_WARN_RANGE_LOOP_ANALYSIS = YES;
				CLANG_WARN_STRICT_PROTOTYPES = YES;
				CLANG_WARN_SUSPICIOUS_MOVE = YES;
				CLANG_WARN_UNGUARDED_AVAILABILITY = YES_AGGRESSIVE;
				CLANG_WARN_UNREACHABLE_CODE = YES;
				CLANG_WARN__DUPLICATE_METHOD_MATCH = YES;
				COPY_PHASE_STRIP = NO;
				DEBUG_INFORMATION_FORMAT = "dwarf-with-dsym";
				ENABLE_NS_ASSERTIONS = NO;
				ENABLE_STRICT_OBJC_MSGSEND = YES;
				GCC_C_LANGUAGE_STANDARD = gnu11;
				GCC_NO_COMMON_BLOCKS = YES;
				GCC_WARN_64_TO_32_BIT_CONVERSION = YES;
				GCC_WARN_ABOUT_RETURN_TYPE = YES_ERROR;
				GCC_WARN_UNDECLARED_SELECTOR = YES;
				GCC_WARN_UNINITIALIZED_AUTOS = YES_AGGRESSIVE;
				GCC_WARN_UNUSED_FUNCTION = YES;
				GCC_WARN_UNUSED_VARIABLE = YES;
				IPHONEOS_DEPLOYMENT_TARGET = 15.5;
				MTL_ENABLE_DEBUG_INFO = NO;
				MTL_FAST_MATH = YES;
				SDKROOT = iphoneos;
				SWIFT_COMPILATION_MODE = wholemodule;
				SWIFT_OPTIMIZATION_LEVEL = "-O";
				VALIDATE_PRODUCT = YES;
			};
			name = Release;
		};
		0A17FEB8287B03790061B3FA /* Debug */ = {
			isa = XCBuildConfiguration;
			buildSettings = {
				ASSETCATALOG_COMPILER_APPICON_NAME = AppIcon;
				ASSETCATALOG_COMPILER_GLOBAL_ACCENT_COLOR_NAME = AccentColor;
				CODE_SIGN_STYLE = Automatic;
				CURRENT_PROJECT_VERSION = 1;
				DEVELOPMENT_ASSET_PATHS = "\"loginPage/Preview Content\"";
				DEVELOPMENT_TEAM = HJ3CX8Z5MV;
				ENABLE_PREVIEWS = YES;
				GENERATE_INFOPLIST_FILE = YES;
				INFOPLIST_KEY_UIApplicationSceneManifest_Generation = YES;
				INFOPLIST_KEY_UIApplicationSupportsIndirectInputEvents = YES;
				INFOPLIST_KEY_UILaunchScreen_Generation = YES;
				INFOPLIST_KEY_UISupportedInterfaceOrientations_iPad = "UIInterfaceOrientationPortrait UIInterfaceOrientationPortraitUpsideDown UIInterfaceOrientationLandscapeLeft UIInterfaceOrientationLandscapeRight";
				INFOPLIST_KEY_UISupportedInterfaceOrientations_iPhone = "UIInterfaceOrientationPortrait UIInterfaceOrientationLandscapeLeft UIInterfaceOrientationLandscapeRight";
				LD_RUNPATH_SEARCH_PATHS = (
					"$(inherited)",
					"@executable_path/Frameworks",
				);
				MARKETING_VERSION = 1.0;
				PRODUCT_BUNDLE_IDENTIFIER = com.boraerdem.loginPage;
				PRODUCT_NAME = "$(TARGET_NAME)";
				SWIFT_EMIT_LOC_STRINGS = YES;
				SWIFT_VERSION = 5.0;
				TARGETED_DEVICE_FAMILY = "1,2";
			};
			name = Debug;
		};
		0A17FEB9287B03790061B3FA /* Release */ = {
			isa = XCBuildConfiguration;
			buildSettings = {
				ASSETCATALOG_COMPILER_APPICON_NAME = AppIcon;
				ASSETCATALOG_COMPILER_GLOBAL_ACCENT_COLOR_NAME = AccentColor;
				CODE_SIGN_STYLE = Automatic;
				CURRENT_PROJECT_VERSION = 1;
				DEVELOPMENT_ASSET_PATHS = "\"loginPage/Preview Content\"";
				DEVELOPMENT_TEAM = HJ3CX8Z5MV;
				ENABLE_PREVIEWS = YES;
				GENERATE_INFOPLIST_FILE = YES;
				INFOPLIST_KEY_UIApplicationSceneManifest_Generation = YES;
				INFOPLIST_KEY_UIApplicationSupportsIndirectInputEvents = YES;
				INFOPLIST_KEY_UILaunchScreen_Generation = YES;
				INFOPLIST_KEY_UISupportedInterfaceOrientations_iPad = "UIInterfaceOrientationPortrait UIInterfaceOrientationPortraitUpsideDown UIInterfaceOrientationLandscapeLeft UIInterfaceOrientationLandscapeRight";
				INFOPLIST_KEY_UISupportedInterfaceOrientations_iPhone = "UIInterfaceOrientationPortrait UIInterfaceOrientationLandscapeLeft UIInterfaceOrientationLandscapeRight";
				LD_RUNPATH_SEARCH_PATHS = (
					"$(inherited)",
					"@executable_path/Frameworks",
				);
				MARKETING_VERSION = 1.0;
				PRODUCT_BUNDLE_IDENTIFIER = com.boraerdem.loginPage;
				PRODUCT_NAME = "$(TARGET_NAME)";
				SWIFT_EMIT_LOC_STRINGS = YES;
				SWIFT_VERSION = 5.0;
				TARGETED_DEVICE_FAMILY = "1,2";
			};
			name = Release;
		};
/* End XCBuildConfiguration section */

/* Begin XCConfigurationList section */
		0A17FEA4287B03780061B3FA /* Build configuration list for PBXProject "loginPage" */ = {
			isa = XCConfigurationList;
			buildConfigurations = (
				0A17FEB5287B03790061B3FA /* Debug */,
				0A17FEB6287B03790061B3FA /* Release */,
			);
			defaultConfigurationIsVisible = 0;
			defaultConfigurationName = Release;
		};
		0A17FEB7287B03790061B3FA /* Build configuration list for PBXNativeTarget "loginPage" */ = {
			isa = XCConfigurationList;
			buildConfigurations = (
				0A17FEB8287B03790061B3FA /* Debug */,
				0A17FEB9287B03790061B3FA /* Release */,
			);
			defaultConfigurationIsVisible = 0;
			defaultConfigurationName = Release;
		};
/* End XCConfigurationList section */
	};
	rootObject = 0A17FEA1287B03780061B3FA /* Project object */;
}
